
Microsoft Visual Studio Solution File, Format Version 12.00
# Visual Studio Version 16
VisualStudioVersion = 16.0.31019.35
MinimumVisualStudioVersion = 10.0.40219.1
Project("{9A19103F-16F7-4668-BE54-9A1E7A4F7556}") = "WebApplicationMVC", "WebApplicationMVC\WebApplicationMVC.csproj", "{49587187-16A9-4ECB-B0BE-6F65ACEF1DDD}"
EndProject
Project("{9A19103F-16F7-4668-BE54-9A1E7A4F7556}") = "ASP.NET_API", "ASP.NET_API\ASP.NET_API.csproj", "{C21A4F15-B71F-4D96-8A1A-B46379C220EE}"
EndProject
Project("{FAE04EC0-301F-11D3-BF4B-00C04F79EFBC}") = "XUnitTest_API_MVC", "XUnitTest_API_MVC\XUnitTest_API_MVC.csproj", "{D1E7852B-D2A7-4469-900A-CB72167EE6E6}"
EndProject
Global
	GlobalSection(SolutionConfigurationPlatforms) = preSolution
		Debug|Any CPU = Debug|Any CPU
		Release|Any CPU = Release|Any CPU
	EndGlobalSection
	GlobalSection(ProjectConfigurationPlatforms) = postSolution
		{49587187-16A9-4ECB-B0BE-6F65ACEF1DDD}.Debug|Any CPU.ActiveCfg = Debug|Any CPU
		{49587187-16A9-4ECB-B0BE-6F65ACEF1DDD}.Debug|Any CPU.Build.0 = Debug|Any CPU
		{49587187-16A9-4ECB-B0BE-6F65ACEF1DDD}.Release|Any CPU.ActiveCfg = Release|Any CPU
		{49587187-16A9-4ECB-B0BE-6F65ACEF1DDD}.Release|Any CPU.Build.0 = Release|Any CPU
		{C21A4F15-B71F-4D96-8A1A-B46379C220EE}.Debug|Any CPU.ActiveCfg = Debug|Any CPU
		{C21A4F15-B71F-4D96-8A1A-B46379C220EE}.Debug|Any CPU.Build.0 = Debug|Any CPU
		{C21A4F15-B71F-4D96-8A1A-B46379C220EE}.Release|Any CPU.ActiveCfg = Release|Any CPU
		{C21A4F15-B71F-4D96-8A1A-B46379C220EE}.Release|Any CPU.Build.0 = Release|Any CPU
		{D1E7852B-D2A7-4469-900A-CB72167EE6E6}.Debug|Any CPU.ActiveCfg = Debug|Any CPU
		{D1E7852B-D2A7-4469-900A-CB72167EE6E6}.Debug|Any CPU.Build.0 = Debug|Any CPU
		{D1E7852B-D2A7-4469-900A-CB72167EE6E6}.Release|Any CPU.ActiveCfg = Release|Any CPU
		{D1E7852B-D2A7-4469-900A-CB72167EE6E6}.Release|Any CPU.Build.0 = Release|Any CPU
	EndGlobalSection
	GlobalSection(SolutionProperties) = preSolution
		HideSolutionNode = FALSE
	EndGlobalSection
	GlobalSection(ExtensibilityGlobals) = postSolution
		SolutionGuid = {D87697B2-7743-4D9B-BF26-B73E18F8B1F0}
	EndGlobalSection
EndGlobal
